
Microsoft Visual Studio Solution File, Format Version 12.00
# Visual Studio 2013
VisualStudioVersion = 12.0.21005.1
MinimumVisualStudioVersion = 10.0.40219.1
Project("{FAE04EC0-301F-11D3-BF4B-00C04F79EFBC}") = "Excel-Add-in-JS-CollegeBudgetTracker", "Excel-Add-in-JS-CollegeBudgetTracker\Excel-Add-in-JS-CollegeBudgetTracker.csproj", "{4ADF3E4E-B63B-47B4-99EC-66B2D074B802}"
EndProject
Project("{FAE04EC0-301F-11D3-BF4B-00C04F79EFBC}") = "Excel-Add-in-JS-CollegeBudgetTrackerWeb", "Excel-Add-in-JS-CollegeBudgetTrackerWeb\Excel-Add-in-JS-CollegeBudgetTrackerWeb.csproj", "{D8526504-AE38-47EF-9BA0-EA1E655ADC9B}"
EndProject
Global
	GlobalSection(SolutionConfigurationPlatforms) = preSolution
		Debug|Any CPU = Debug|Any CPU
		Release|Any CPU = Release|Any CPU
	EndGlobalSection
	GlobalSection(ProjectConfigurationPlatforms) = postSolution
		{4ADF3E4E-B63B-47B4-99EC-66B2D074B802}.Debug|Any CPU.ActiveCfg = Debug|Any CPU
		{4ADF3E4E-B63B-47B4-99EC-66B2D074B802}.Debug|Any CPU.Build.0 = Debug|Any CPU
		{4ADF3E4E-B63B-47B4-99EC-66B2D074B802}.Debug|Any CPU.Deploy.0 = Debug|Any CPU
		{4ADF3E4E-B63B-47B4-99EC-66B2D074B802}.Release|Any CPU.ActiveCfg = Release|Any CPU
		{4ADF3E4E-B63B-47B4-99EC-66B2D074B802}.Release|Any CPU.Build.0 = Release|Any CPU
		{4ADF3E4E-B63B-47B4-99EC-66B2D074B802}.Release|Any CPU.Deploy.0 = Release|Any CPU
		{D8526504-AE38-47EF-9BA0-EA1E655ADC9B}.Debug|Any CPU.ActiveCfg = Debug|Any CPU
		{D8526504-AE38-47EF-9BA0-EA1E655ADC9B}.Debug|Any CPU.Build.0 = Debug|Any CPU
		{D8526504-AE38-47EF-9BA0-EA1E655ADC9B}.Release|Any CPU.ActiveCfg = Release|Any CPU
		{D8526504-AE38-47EF-9BA0-EA1E655ADC9B}.Release|Any CPU.Build.0 = Release|Any CPU
	EndGlobalSection
	GlobalSection(SolutionProperties) = preSolution
		HideSolutionNode = FALSE
	EndGlobalSection
EndGlobal
